
Microsoft Visual Studio Solution File, Format Version 12.00
# Visual Studio Version 16
VisualStudioVersion = 16.0.31727.386
MinimumVisualStudioVersion = 10.0.40219.1
Project("{9A19103F-16F7-4668-BE54-9A1E7A4F7556}") = "JSTD2E_HFT_2021221.Client", "JSTD2E_HFT_2021221.Client\JSTD2E_HFT_2021221.Client.csproj", "{D397790D-6B68-49D3-AC49-69EB7B03C0B8}"
EndProject
Project("{9A19103F-16F7-4668-BE54-9A1E7A4F7556}") = "JSTD2E_HFT_2021221.Models", "JSTD2E_HFT_2021221.Models\JSTD2E_HFT_2021221.Models.csproj", "{AF36AC16-9695-4A30-80FA-1F85BEB240B8}"
EndProject
Project("{9A19103F-16F7-4668-BE54-9A1E7A4F7556}") = "JSTD2E_HFT_2021221.Data", "JSTD2E_HFT_2021221.Data\JSTD2E_HFT_2021221.Data.csproj", "{FA3E03F3-5A6E-4F53-AC1F-30F54FB5AC68}"
EndProject
Project("{9A19103F-16F7-4668-BE54-9A1E7A4F7556}") = "JSTD2E_HFT_2021221.Logic", "JSTD2E_HFT_2021221.Logic\JSTD2E_HFT_2021221.Logic.csproj", "{6AF5AB26-D997-497D-9001-F62EE9219733}"
EndProject
Project("{9A19103F-16F7-4668-BE54-9A1E7A4F7556}") = "JSTD2E_HFT_2021221.Repository", "JSTD2E_HFT_2021221.Repository\JSTD2E_HFT_2021221.Repository.csproj", "{1A96EE13-A6A5-4EB7-AF40-D3E3EF54E2C9}"
EndProject
Project("{9A19103F-16F7-4668-BE54-9A1E7A4F7556}") = "JSTD2E_HFT_2021221.Endpoint", "JSTD2E_HFT_2021221.Endpoint\JSTD2E_HFT_2021221.Endpoint.csproj", "{7AAB479A-75C2-4DD7-BFBB-B13C6454F915}"
EndProject
Project("{9A19103F-16F7-4668-BE54-9A1E7A4F7556}") = "JSTD2E_HFT_2021221.Test", "JSTD2E_HFT_2021221.Test\JSTD2E_HFT_2021221.Test.csproj", "{BC07A2B3-5A75-4ACD-AA9C-60D33AA6D74C}"
EndProject
Project("{2150E333-8FDC-42A3-9474-1A3956D46DE8}") = "Backend", "Backend", "{3D9B7769-9157-4DD6-93F5-6FAB40C42070}"
EndProject
Project("{2150E333-8FDC-42A3-9474-1A3956D46DE8}") = "Frontend", "Frontend", "{EC16F6C9-2579-4540-BF6A-6BB5D3F09322}"
EndProject
Project("{2150E333-8FDC-42A3-9474-1A3956D46DE8}") = "Shared", "Shared", "{B596F92B-39E2-4FA8-A88A-25416920D146}"
EndProject
Project("{2150E333-8FDC-42A3-9474-1A3956D46DE8}") = "Solution Items", "Solution Items", "{5F3B20FB-3276-4748-BEA2-3297338E0606}"
	ProjectSection(SolutionItems) = preProject
		.gitignore = .gitignore
	EndProjectSection
EndProject
Project("{FAE04EC0-301F-11D3-BF4B-00C04F79EFBC}") = "ModelsDb.Endpoint", "ModelsDb.Endpoint\ModelsDb.Endpoint.csproj", "{58CFA04D-EFA6-41CF-91D6-007245CD46C2}"
EndProject
Global
	GlobalSection(SolutionConfigurationPlatforms) = preSolution
		Debug|Any CPU = Debug|Any CPU
		Release|Any CPU = Release|Any CPU
	EndGlobalSection
	GlobalSection(ProjectConfigurationPlatforms) = postSolution
		{D397790D-6B68-49D3-AC49-69EB7B03C0B8}.Debug|Any CPU.ActiveCfg = Debug|Any CPU
		{D397790D-6B68-49D3-AC49-69EB7B03C0B8}.Debug|Any CPU.Build.0 = Debug|Any CPU
		{D397790D-6B68-49D3-AC49-69EB7B03C0B8}.Release|Any CPU.ActiveCfg = Release|Any CPU
		{D397790D-6B68-49D3-AC49-69EB7B03C0B8}.Release|Any CPU.Build.0 = Release|Any CPU
		{AF36AC16-9695-4A30-80FA-1F85BEB240B8}.Debug|Any CPU.ActiveCfg = Debug|Any CPU
		{AF36AC16-9695-4A30-80FA-1F85BEB240B8}.Debug|Any CPU.Build.0 = Debug|Any CPU
		{AF36AC16-9695-4A30-80FA-1F85BEB240B8}.Release|Any CPU.ActiveCfg = Release|Any CPU
		{AF36AC16-9695-4A30-80FA-1F85BEB240B8}.Release|Any CPU.Build.0 = Release|Any CPU
		{FA3E03F3-5A6E-4F53-AC1F-30F54FB5AC68}.Debug|Any CPU.ActiveCfg = Debug|Any CPU
		{FA3E03F3-5A6E-4F53-AC1F-30F54FB5AC68}.Debug|Any CPU.Build.0 = Debug|Any CPU
		{FA3E03F3-5A6E-4F53-AC1F-30F54FB5AC68}.Release|Any CPU.ActiveCfg = Release|Any CPU
		{FA3E03F3-5A6E-4F53-AC1F-30F54FB5AC68}.Release|Any CPU.Build.0 = Release|Any CPU
		{6AF5AB26-D997-497D-9001-F62EE9219733}.Debug|Any CPU.ActiveCfg = Debug|Any CPU
		{6AF5AB26-D997-497D-9001-F62EE9219733}.Debug|Any CPU.Build.0 = Debug|Any CPU
		{6AF5AB26-D997-497D-9001-F62EE9219733}.Release|Any CPU.ActiveCfg = Release|Any CPU
		{6AF5AB26-D997-497D-9001-F62EE9219733}.Release|Any CPU.Build.0 = Release|Any CPU
		{1A96EE13-A6A5-4EB7-AF40-D3E3EF54E2C9}.Debug|Any CPU.ActiveCfg = Debug|Any CPU
		{1A96EE13-A6A5-4EB7-AF40-D3E3EF54E2C9}.Debug|Any CPU.Build.0 = Debug|Any CPU
		{1A96EE13-A6A5-4EB7-AF40-D3E3EF54E2C9}.Release|Any CPU.ActiveCfg = Release|Any CPU
		{1A96EE13-A6A5-4EB7-AF40-D3E3EF54E2C9}.Release|Any CPU.Build.0 = Release|Any CPU
		{7AAB479A-75C2-4DD7-BFBB-B13C6454F915}.Debug|Any CPU.ActiveCfg = Debug|Any CPU
		{7AAB479A-75C2-4DD7-BFBB-B13C6454F915}.Debug|Any CPU.Build.0 = Debug|Any CPU
		{7AAB479A-75C2-4DD7-BFBB-B13C6454F915}.Release|Any CPU.ActiveCfg = Release|Any CPU
		{7AAB479A-75C2-4DD7-BFBB-B13C6454F915}.Release|Any CPU.Build.0 = Release|Any CPU
		{BC07A2B3-5A75-4ACD-AA9C-60D33AA6D74C}.Debug|Any CPU.ActiveCfg = Debug|Any CPU
		{BC07A2B3-5A75-4ACD-AA9C-60D33AA6D74C}.Debug|Any CPU.Build.0 = Debug|Any CPU
		{BC07A2B3-5A75-4ACD-AA9C-60D33AA6D74C}.Release|Any CPU.ActiveCfg = Release|Any CPU
		{BC07A2B3-5A75-4ACD-AA9C-60D33AA6D74C}.Release|Any CPU.Build.0 = Release|Any CPU
		{58CFA04D-EFA6-41CF-91D6-007245CD46C2}.Debug|Any CPU.ActiveCfg = Debug|Any CPU
		{58CFA04D-EFA6-41CF-91D6-007245CD46C2}.Debug|Any CPU.Build.0 = Debug|Any CPU
		{58CFA04D-EFA6-41CF-91D6-007245CD46C2}.Release|Any CPU.ActiveCfg = Release|Any CPU
		{58CFA04D-EFA6-41CF-91D6-007245CD46C2}.Release|Any CPU.Build.0 = Release|Any CPU
	EndGlobalSection
	GlobalSection(SolutionProperties) = preSolution
		HideSolutionNode = FALSE
	EndGlobalSection
	GlobalSection(NestedProjects) = preSolution
		{D397790D-6B68-49D3-AC49-69EB7B03C0B8} = {EC16F6C9-2579-4540-BF6A-6BB5D3F09322}
		{AF36AC16-9695-4A30-80FA-1F85BEB240B8} = {B596F92B-39E2-4FA8-A88A-25416920D146}
		{FA3E03F3-5A6E-4F53-AC1F-30F54FB5AC68} = {3D9B7769-9157-4DD6-93F5-6FAB40C42070}
		{6AF5AB26-D997-497D-9001-F62EE9219733} = {3D9B7769-9157-4DD6-93F5-6FAB40C42070}
		{1A96EE13-A6A5-4EB7-AF40-D3E3EF54E2C9} = {3D9B7769-9157-4DD6-93F5-6FAB40C42070}
		{7AAB479A-75C2-4DD7-BFBB-B13C6454F915} = {3D9B7769-9157-4DD6-93F5-6FAB40C42070}
		{BC07A2B3-5A75-4ACD-AA9C-60D33AA6D74C} = {3D9B7769-9157-4DD6-93F5-6FAB40C42070}
	EndGlobalSection
	GlobalSection(ExtensibilityGlobals) = postSolution
		SolutionGuid = {63B005D2-C231-48FA-B5C9-87CC8B5618D5}
	EndGlobalSection
EndGlobal
